Microsoft Visual Studio Solution File, Format Version 12.00

Project("{F2A71F9B-5D33-465A-A702-920D77279786}") = "SampleBot", "SampleBot\SampleBot.fsproj", "{3C1553E3-360D-47F7-BB39-1640DEE52895}"
EndProject
Project("{F2A71F9B-5D33-465A-A702-920D77279786}") = "Vyapari", "Vyapari\Vyapari.fsproj", "{CCBBB491-0833-446A-AC2E-1E4A324D8792}"
EndProject
Project("{F2A71F9B-5D33-465A-A702-920D77279786}") = "Vyapari.Tests", "Vyapari.Tests\Vyapari.Tests.fsproj", "{7E945D2D-56FE-4B97-A8D1-A7DBAD38FF03}"
EndProject

Global
	GlobalSection(SolutionConfigurationPlatforms) = preSolution
		Debug|Any CPU = Debug|Any CPU
		Release|Any CPU = Release|Any CPU
	EndGlobalSection
	GlobalSection(ProjectConfigurationPlatforms) = postSolution
		{3C1553E3-360D-47F7-BB39-1640DEE52895}.Debug|Any CPU.ActiveCfg = Debug|Any CPU
		{3C1553E3-360D-47F7-BB39-1640DEE52895}.Debug|Any CPU.Build.0 = Debug|Any CPU
		{3C1553E3-360D-47F7-BB39-1640DEE52895}.Release|Any CPU.ActiveCfg = Release|Any CPU
		{3C1553E3-360D-47F7-BB39-1640DEE52895}.Release|Any CPU.Build.0 = Release|Any CPU
		{CCBBB491-0833-446A-AC2E-1E4A324D8792}.Debug|Any CPU.ActiveCfg = Debug|Any CPU
		{CCBBB491-0833-446A-AC2E-1E4A324D8792}.Debug|Any CPU.Build.0 = Debug|Any CPU
		{CCBBB491-0833-446A-AC2E-1E4A324D8792}.Release|Any CPU.ActiveCfg = Release|Any CPU
		{CCBBB491-0833-446A-AC2E-1E4A324D8792}.Release|Any CPU.Build.0 = Release|Any CPU
		{7E945D2D-56FE-4B97-A8D1-A7DBAD38FF03}.Debug|Any CPU.ActiveCfg = Debug|Any CPU
		{7E945D2D-56FE-4B97-A8D1-A7DBAD38FF03}.Debug|Any CPU.Build.0 = Debug|Any CPU
		{7E945D2D-56FE-4B97-A8D1-A7DBAD38FF03}.Release|Any CPU.ActiveCfg = Release|Any CPU
		{7E945D2D-56FE-4B97-A8D1-A7DBAD38FF03}.Release|Any CPU.Build.0 = Release|Any CPU
	EndGlobalSection
EndGlobal
